{
  "name": "take-home-project",
  "lockfileVersion": 2,
  "requires": true,
  "packages": {
    "": {
      "dependencies": {
        "json-templates": "^5.0.0"
      }
    },
    "node_modules/json-templates": {
      "version": "5.0.0",
      "resolved": "https://registry.npmjs.org/json-templates/-/json-templates-5.0.0.tgz",
      "integrity": "sha512-oQ9FrrwX1GmACI1iXZpUEaM+32NS5K9NtQDeQc6e1N950w/3D5VNjpq/otXwNqdv3DfLK85AdYWQZ6oBwqA1aw==",
      "dependencies": {
        "object-path": "^0.11.8"
      }
    },
    "node_modules/object-path": {
      "version": "0.11.8",
      "resolved": "https://registry.npmjs.org/object-path/-/object-path-0.11.8.tgz",
      "integrity": "sha512-YJjNZrlXJFM42wTBn6zgOJVar9KFJvzx6sTWDte8sWZF//cnjl0BxHNpfZx+ZffXX63A9q0b1zsFiBX4g4X5KA==",
      "engines": {
        "node": ">= 10.12.0"
      }
    }
  },
  "dependencies": {
    "json-templates": {
      "version": "5.0.0",
      "resolved": "https://registry.npmjs.org/json-templates/-/json-templates-5.0.0.tgz",
      "integrity": "sha512-oQ9FrrwX1GmACI1iXZpUEaM+32NS5K9NtQDeQc6e1N950w/3D5VNjpq/otXwNqdv3DfLK85AdYWQZ6oBwqA1aw==",
      "requires": {
        "object-path": "^0.11.8"
      }
    },
    "object-path": {
      "version": "0.11.8",
      "resolved": "https://registry.npmjs.org/object-path/-/object-path-0.11.8.tgz",
      "integrity": "sha512-YJjNZrlXJFM42wTBn6zgOJVar9KFJvzx6sTWDte8sWZF//cnjl0BxHNpfZx+ZffXX63A9q0b1zsFiBX4g4X5KA=="
    }
  }
}
